
Microsoft Visual Studio Solution File, Format Version 12.00
# Visual Studio Version 17
VisualStudioVersion = 17.13.35913.81 d17.13
MinimumVisualStudioVersion = 10.0.40219.1
Project("{FAE04EC0-301F-11D3-BF4B-00C04F79EFBC}") = "PerfTest", "PerfTest\PerfTest.csproj", "{2DB81970-C83E-C3D1-34A7-535C8754095E}"
EndProject
Project("{FAE04EC0-301F-11D3-BF4B-00C04F79EFBC}") = "RefNet8MauiApp", "RefNet8MauiApp\RefNet8MauiApp.csproj", "{0374BAB2-8C93-D7F2-0774-85B37B312E1E}"
EndProject
Project("{FAE04EC0-301F-11D3-BF4B-00C04F79EFBC}") = "WebAPI", "WebAPI\WebAPI.csproj", "{8D6B33C5-CEE1-20B5-A207-99CBB61F699C}"
EndProject
Project("{FAE04EC0-301F-11D3-BF4B-00C04F79EFBC}") = "FileLogger", "FileLogger\FileLogger.csproj", "{D591F3B6-E967-4CEE-ACEB-BF5599BDA25A}"
EndProject
Global
	GlobalSection(SolutionConfigurationPlatforms) = preSolution
		Debug|Any CPU = Debug|Any CPU
		Release|Any CPU = Release|Any CPU
	EndGlobalSection
	GlobalSection(ProjectConfigurationPlatforms) = postSolution
		{2DB81970-C83E-C3D1-34A7-535C8754095E}.Debug|Any CPU.ActiveCfg = Debug|Any CPU
		{2DB81970-C83E-C3D1-34A7-535C8754095E}.Debug|Any CPU.Build.0 = Debug|Any CPU
		{2DB81970-C83E-C3D1-34A7-535C8754095E}.Release|Any CPU.ActiveCfg = Release|Any CPU
		{2DB81970-C83E-C3D1-34A7-535C8754095E}.Release|Any CPU.Build.0 = Release|Any CPU
		{0374BAB2-8C93-D7F2-0774-85B37B312E1E}.Debug|Any CPU.ActiveCfg = Debug|Any CPU
		{0374BAB2-8C93-D7F2-0774-85B37B312E1E}.Debug|Any CPU.Build.0 = Debug|Any CPU
		{0374BAB2-8C93-D7F2-0774-85B37B312E1E}.Debug|Any CPU.Deploy.0 = Debug|Any CPU
		{0374BAB2-8C93-D7F2-0774-85B37B312E1E}.Release|Any CPU.ActiveCfg = Release|Any CPU
		{0374BAB2-8C93-D7F2-0774-85B37B312E1E}.Release|Any CPU.Build.0 = Release|Any CPU
		{0374BAB2-8C93-D7F2-0774-85B37B312E1E}.Release|Any CPU.Deploy.0 = Release|Any CPU
		{8D6B33C5-CEE1-20B5-A207-99CBB61F699C}.Debug|Any CPU.ActiveCfg = Debug|Any CPU
		{8D6B33C5-CEE1-20B5-A207-99CBB61F699C}.Debug|Any CPU.Build.0 = Debug|Any CPU
		{8D6B33C5-CEE1-20B5-A207-99CBB61F699C}.Release|Any CPU.ActiveCfg = Release|Any CPU
		{8D6B33C5-CEE1-20B5-A207-99CBB61F699C}.Release|Any CPU.Build.0 = Release|Any CPU
		{D591F3B6-E967-4CEE-ACEB-BF5599BDA25A}.Debug|Any CPU.ActiveCfg = Debug|Any CPU
		{D591F3B6-E967-4CEE-ACEB-BF5599BDA25A}.Debug|Any CPU.Build.0 = Debug|Any CPU
		{D591F3B6-E967-4CEE-ACEB-BF5599BDA25A}.Release|Any CPU.ActiveCfg = Release|Any CPU
		{D591F3B6-E967-4CEE-ACEB-BF5599BDA25A}.Release|Any CPU.Build.0 = Release|Any CPU
	EndGlobalSection
	GlobalSection(SolutionProperties) = preSolution
		HideSolutionNode = FALSE
	EndGlobalSection
	GlobalSection(ExtensibilityGlobals) = postSolution
		SolutionGuid = {C9466526-FFEE-45ED-916D-B35DAFC1E066}
	EndGlobalSection
EndGlobal
